
Microsoft Visual Studio Solution File, Format Version 12.00
# Visual Studio 15
VisualStudioVersion = 15.0.28010.2046
MinimumVisualStudioVersion = 10.0.40219.1
Project("{9A19103F-16F7-4668-BE54-9A1E7A4F7556}") = "Q2-hellow.net", "Q2.net\Q2-hellow.net.csproj", "{1F9C1455-0EFB-4B08-B3C4-A2E161C6609E}"
EndProject
Project("{9A19103F-16F7-4668-BE54-9A1E7A4F7556}") = "DoubleSlit", "DoubleSlit\DoubleSlit.csproj", "{4F42471D-C8B9-47BA-8D3B-F45D345BDDC9}"
EndProject
Project("{FAE04EC0-301F-11D3-BF4B-00C04F79EFBC}") = "FuncTest", "FuncTest\FuncTest.csproj", "{6FCB8B34-CD47-44F2-88BB-6F8D8333D8F7}"
EndProject
Project("{FAE04EC0-301F-11D3-BF4B-00C04F79EFBC}") = "BellTest", "BellTest\BellTest.csproj", "{F5AD6F77-D98B-4982-8181-DF9C0663EEE5}"
EndProject
Global
	GlobalSection(SolutionConfigurationPlatforms) = preSolution
		Debug|Any CPU = Debug|Any CPU
		Release|Any CPU = Release|Any CPU
	EndGlobalSection
	GlobalSection(ProjectConfigurationPlatforms) = postSolution
		{1F9C1455-0EFB-4B08-B3C4-A2E161C6609E}.Debug|Any CPU.ActiveCfg = Debug|Any CPU
		{1F9C1455-0EFB-4B08-B3C4-A2E161C6609E}.Debug|Any CPU.Build.0 = Debug|Any CPU
		{1F9C1455-0EFB-4B08-B3C4-A2E161C6609E}.Release|Any CPU.ActiveCfg = Release|Any CPU
		{1F9C1455-0EFB-4B08-B3C4-A2E161C6609E}.Release|Any CPU.Build.0 = Release|Any CPU
		{4F42471D-C8B9-47BA-8D3B-F45D345BDDC9}.Debug|Any CPU.ActiveCfg = Debug|Any CPU
		{4F42471D-C8B9-47BA-8D3B-F45D345BDDC9}.Debug|Any CPU.Build.0 = Debug|Any CPU
		{4F42471D-C8B9-47BA-8D3B-F45D345BDDC9}.Release|Any CPU.ActiveCfg = Release|Any CPU
		{4F42471D-C8B9-47BA-8D3B-F45D345BDDC9}.Release|Any CPU.Build.0 = Release|Any CPU
		{6FCB8B34-CD47-44F2-88BB-6F8D8333D8F7}.Debug|Any CPU.ActiveCfg = Debug|Any CPU
		{6FCB8B34-CD47-44F2-88BB-6F8D8333D8F7}.Debug|Any CPU.Build.0 = Debug|Any CPU
		{6FCB8B34-CD47-44F2-88BB-6F8D8333D8F7}.Release|Any CPU.ActiveCfg = Release|Any CPU
		{6FCB8B34-CD47-44F2-88BB-6F8D8333D8F7}.Release|Any CPU.Build.0 = Release|Any CPU
		{F5AD6F77-D98B-4982-8181-DF9C0663EEE5}.Debug|Any CPU.ActiveCfg = Debug|Any CPU
		{F5AD6F77-D98B-4982-8181-DF9C0663EEE5}.Debug|Any CPU.Build.0 = Debug|Any CPU
		{F5AD6F77-D98B-4982-8181-DF9C0663EEE5}.Release|Any CPU.ActiveCfg = Release|Any CPU
		{F5AD6F77-D98B-4982-8181-DF9C0663EEE5}.Release|Any CPU.Build.0 = Release|Any CPU
	EndGlobalSection
	GlobalSection(SolutionProperties) = preSolution
		HideSolutionNode = FALSE
	EndGlobalSection
	GlobalSection(ExtensibilityGlobals) = postSolution
		SolutionGuid = {DBADB2A2-DE1C-41C4-BBAC-A78559009864}
	EndGlobalSection
EndGlobal
